
Microsoft Visual Studio Solution File, Format Version 12.00
# Visual Studio Version 17
VisualStudioVersion = 17.11.35431.28
MinimumVisualStudioVersion = 10.0.40219.1
Project("{FAE04EC0-301F-11D3-BF4B-00C04F79EFBC}") = "CloneVolume", "CloneVolume\CloneVolume.csproj", "{20CD1026-3F61-4D3C-B99B-1F7AF643ABFF}"
EndProject
Global
	GlobalSection(SolutionConfigurationPlatforms) = preSolution
		Debug|Any CPU = Debug|Any CPU
		Release|Any CPU = Release|Any CPU
	EndGlobalSection
	GlobalSection(ProjectConfigurationPlatforms) = postSolution
		{20CD1026-3F61-4D3C-B99B-1F7AF643ABFF}.Debug|Any CPU.ActiveCfg = Debug|Any CPU
		{20CD1026-3F61-4D3C-B99B-1F7AF643ABFF}.Debug|Any CPU.Build.0 = Debug|Any CPU
		{20CD1026-3F61-4D3C-B99B-1F7AF643ABFF}.Release|Any CPU.ActiveCfg = Release|Any CPU
		{20CD1026-3F61-4D3C-B99B-1F7AF643ABFF}.Release|Any CPU.Build.0 = Release|Any CPU
	EndGlobalSection
	GlobalSection(SolutionProperties) = preSolution
		HideSolutionNode = FALSE
	EndGlobalSection
	GlobalSection(ExtensibilityGlobals) = postSolution
		SolutionGuid = {DEF5E4B2-18FF-4867-9313-DC39F6530B71}
	EndGlobalSection
EndGlobal
