
Microsoft Visual Studio Solution File, Format Version 12.00
# Visual Studio Version 17
VisualStudioVersion = 17.11.35327.3
MinimumVisualStudioVersion = 10.0.40219.1
Project("{FAE04EC0-301F-11D3-BF4B-00C04F79EFBC}") = "CatchingExceptions", "CatchingExceptions\CatchingExceptions.csproj", "{01776A15-0044-4CAE-9123-6C33249B9481}"
EndProject
Global
	GlobalSection(SolutionConfigurationPlatforms) = preSolution
		Debug|Any CPU = Debug|Any CPU
		Release|Any CPU = Release|Any CPU
	EndGlobalSection
	GlobalSection(ProjectConfigurationPlatforms) = postSolution
		{01776A15-0044-4CAE-9123-6C33249B9481}.Debug|Any CPU.ActiveCfg = Debug|Any CPU
		{01776A15-0044-4CAE-9123-6C33249B9481}.Debug|Any CPU.Build.0 = Debug|Any CPU
		{01776A15-0044-4CAE-9123-6C33249B9481}.Release|Any CPU.ActiveCfg = Release|Any CPU
		{01776A15-0044-4CAE-9123-6C33249B9481}.Release|Any CPU.Build.0 = Release|Any CPU
	EndGlobalSection
	GlobalSection(SolutionProperties) = preSolution
		HideSolutionNode = FALSE
	EndGlobalSection
	GlobalSection(ExtensibilityGlobals) = postSolution
		SolutionGuid = {AA00CEDD-2564-426E-B3B8-E75BB5E9E622}
	EndGlobalSection
EndGlobal
