
Microsoft Visual Studio Solution File, Format Version 12.00
# Visual Studio Version 17
VisualStudioVersion = 17.11.35327.3
MinimumVisualStudioVersion = 10.0.40219.1
Project("{FAE04EC0-301F-11D3-BF4B-00C04F79EFBC}") = "International Calling Connoisseur", "International Calling Connoisseur\International Calling Connoisseur.csproj", "{7CA4C51A-5B4C-4782-8A06-E0F56B6E72AD}"
EndProject
Global
	GlobalSection(SolutionConfigurationPlatforms) = preSolution
		Debug|Any CPU = Debug|Any CPU
		Release|Any CPU = Release|Any CPU
	EndGlobalSection
	GlobalSection(ProjectConfigurationPlatforms) = postSolution
		{7CA4C51A-5B4C-4782-8A06-E0F56B6E72AD}.Debug|Any CPU.ActiveCfg = Debug|Any CPU
		{7CA4C51A-5B4C-4782-8A06-E0F56B6E72AD}.Debug|Any CPU.Build.0 = Debug|Any CPU
		{7CA4C51A-5B4C-4782-8A06-E0F56B6E72AD}.Release|Any CPU.ActiveCfg = Release|Any CPU
		{7CA4C51A-5B4C-4782-8A06-E0F56B6E72AD}.Release|Any CPU.Build.0 = Release|Any CPU
	EndGlobalSection
	GlobalSection(SolutionProperties) = preSolution
		HideSolutionNode = FALSE
	EndGlobalSection
	GlobalSection(ExtensibilityGlobals) = postSolution
		SolutionGuid = {8350D216-FAB6-4D69-8C64-99795A9787C2}
	EndGlobalSection
EndGlobal
